
Microsoft Visual Studio Solution File, Format Version 12.00
# Visual Studio Version 17
VisualStudioVersion = 17.3.32825.248
MinimumVisualStudioVersion = 10.0.40219.1
Project("{8BC9CEB8-8B4A-11D0-8D11-00A0C91BC942}") = "homeworks14_11", "homeworks14_11.vcxproj", "{A20FB6D8-8C04-4D1D-BD95-83430430CAF3}"
EndProject
Global
	GlobalSection(SolutionConfigurationPlatforms) = preSolution
		Debug|x64 = Debug|x64
		Debug|x86 = Debug|x86
		Release|x64 = Release|x64
		Release|x86 = Release|x86
	EndGlobalSection
	GlobalSection(ProjectConfigurationPlatforms) = postSolution
		{A20FB6D8-8C04-4D1D-BD95-83430430CAF3}.Debug|x64.ActiveCfg = Debug|x64
		{A20FB6D8-8C04-4D1D-BD95-83430430CAF3}.Debug|x64.Build.0 = Debug|x64
		{A20FB6D8-8C04-4D1D-BD95-83430430CAF3}.Debug|x86.ActiveCfg = Debug|Win32
		{A20FB6D8-8C04-4D1D-BD95-83430430CAF3}.Debug|x86.Build.0 = Debug|Win32
		{A20FB6D8-8C04-4D1D-BD95-83430430CAF3}.Release|x64.ActiveCfg = Release|x64
		{A20FB6D8-8C04-4D1D-BD95-83430430CAF3}.Release|x64.Build.0 = Release|x64
		{A20FB6D8-8C04-4D1D-BD95-83430430CAF3}.Release|x86.ActiveCfg = Release|Win32
		{A20FB6D8-8C04-4D1D-BD95-83430430CAF3}.Release|x86.Build.0 = Release|Win32
	EndGlobalSection
	GlobalSection(SolutionProperties) = preSolution
		HideSolutionNode = FALSE
	EndGlobalSection
	GlobalSection(ExtensibilityGlobals) = postSolution
		SolutionGuid = {3E3D34DD-0147-4C8F-9974-E4CE33CCEEB1}
	EndGlobalSection
EndGlobal
